// !$*UTF8*$!
{
	archiveVersion = 1;
	classes = {
	};
	objectVersion = 46;
	objects = {

/* Begin PBXBuildFile section */
		4DF3800A1A76FBB500D64BFE /* main.m in Sources */ = {isa = PBXBuildFile; fileRef = 4DF380091A76FBB500D64BFE /* main.m */; };
		4DF3800D1A76FBB500D64BFE /* AppDelegate.m in Sources */ = {isa = PBXBuildFile; fileRef = 4DF3800C1A76FBB500D64BFE /* AppDelegate.m */; };
		4DF380101A76FBB500D64BFE /* ViewController.m in Sources */ = {isa = PBXBuildFile; fileRef = 4DF3800F1A76FBB500D64BFE /* ViewController.m */; };
		4DF380131A76FBB600D64BFE /* Main.storyboard in Resources */ = {isa = PBXBuildFile; fileRef = 4DF380111A76FBB600D64BFE /* Main.storyboard */; };
		4DF380151A76FBB600D64BFE /* Images.xcassets in Resources */ = {isa = PBXBuildFile; fileRef = 4DF380141A76FBB600D64BFE /* Images.xcassets */; };
		4DF380181A76FBB600D64BFE /* LaunchScreen.xib in Resources */ = {isa = PBXBuildFile; fileRef = 4DF380161A76FBB600D64BFE /* LaunchScreen.xib */; };
		4DF380241A76FBB600D64BFE /* quizTests.m in Sources */ = {isa = PBXBuildFile; fileRef = 4DF380231A76FBB600D64BFE /* quizTests.m */; };
/* End PBXBuildFile section */

/* Begin PBXContainerItemProxy section */
		4DF3801E1A76FBB600D64BFE /* PBXContainerItemProxy */ = {
			isa = PBXContainerItemProxy;
			containerPortal = 4DF37FFC1A76FBB500D64BFE /* Project object */;
			proxyType = 1;
			remoteGlobalIDString = 4DF380031A76FBB500D64BFE;
			remoteInfo = quiz;
		};
/* End PBXContainerItemProxy section */

/* Begin PBXFileReference section */
		4DF380041A76FBB500D64BFE /* quiz.app */ = {isa = PBXFileReference; explicitFileType = wrapper.application; includeInIndex = 0; path = quiz.app; sourceTree = BUILT_PRODUCTS_DIR; };
		4DF380081A76FBB500D64BFE /* Info.plist */ = {isa = PBXFileReference; lastKnownFileType = text.plist.xml; path = Info.plist; sourceTree = "<group>"; };
		4DF380091A76FBB500D64BFE /* main.m */ = {isa = PBXFileReference; lastKnownFileType = sourcecode.c.objc; path = main.m; sourceTree = "<group>"; };
		4DF3800B1A76FBB500D64BFE /* AppDelegate.h */ = {isa = PBXFileReference; lastKnownFileType = sourcecode.c.h; path = AppDelegate.h; sourceTree = "<group>"; };
		4DF3800C1A76FBB500D64BFE /* AppDelegate.m */ = {isa = PBXFileReference; lastKnownFileType = sourcecode.c.objc; path = AppDelegate.m; sourceTree = "<group>"; };
		4DF3800E1A76FBB500D64BFE /* ViewController.h */ = {isa = PBXFileReference; lastKnownFileType = sourcecode.c.h; path = ViewController.h; sourceTree = "<group>"; };
		4DF3800F1A76FBB500D64BFE /* ViewController.m */ = {isa = PBXFileReference; lastKnownFileType = sourcecode.c.objc; path = ViewController.m; sourceTree = "<group>"; };
		4DF380121A76FBB600D64BFE /* Base */ = {isa = PBXFileReference; lastKnownFileType = file.storyboard; name = Base; path = Base.lproj/Main.storyboard; sourceTree = "<group>"; };
		4DF380141A76FBB600D64BFE /* Images.xcassets */ = {isa = PBXFileReference; lastKnownFileType = folder.assetcatalog; path = Images.xcassets; sourceTree = "<group>"; };
		4DF380171A76FBB600D64BFE /* Base */ = {isa = PBXFileReference; lastKnownFileType = file.xib; name = Base; path = Base.lproj/LaunchScreen.xib; sourceTree = "<group>"; };
		4DF3801D1A76FBB600D64BFE /* quizTests.xctest */ = {isa = PBXFileReference; explicitFileType = wrapper.cfbundle; includeInIndex = 0; path = quizTests.xctest; sourceTree = BUILT_PRODUCTS_DIR; };
		4DF380221A76FBB600D64BFE /* Info.plist */ = {isa = PBXFileReference; lastKnownFileType = text.plist.xml; path = Info.plist; sourceTree = "<group>"; };
		4DF380231A76FBB600D64BFE /* quizTests.m */ = {isa = PBXFileReference; lastKnownFileType = sourcecode.c.objc; path = quizTests.m; sourceTree = "<group>"; };
/* End PBXFileReference section */

/* Begin PBXFrameworksBuildPhase section */
		4DF380011A76FBB500D64BFE /* Frameworks */ = {
			isa = PBXFrameworksBuildPhase;
			buildActionMask = 2147483647;
			files = (
			);
			runOnlyForDeploymentPostprocessing = 0;
		};
		4DF3801A1A76FBB600D64BFE /* Frameworks */ = {
			isa = PBXFrameworksBuildPhase;
			buildActionMask = 2147483647;
			files = (
			);
			runOnlyForDeploymentPostprocessing = 0;
		};
/* End PBXFrameworksBuildPhase section */

/* Begin PBXGroup section */
		4DF37FFB1A76FBB500D64BFE = {
			isa = PBXGroup;
			children = (
				4DF380061A76FBB500D64BFE /* quiz */,
				4DF380201A76FBB600D64BFE /* quizTests */,
				4DF380051A76FBB500D64BFE /* Products */,
			);
			sourceTree = "<group>";
		};
		4DF380051A76FBB500D64BFE /* Products */ = {
			isa = PBXGroup;
			children = (
				4DF380041A76FBB500D64BFE /* quiz.app */,
				4DF3801D1A76FBB600D64BFE /* quizTests.xctest */,
			);
			name = Products;
			sourceTree = "<group>";
		};
		4DF380061A76FBB500D64BFE /* quiz */ = {
			isa = PBXGroup;
			children = (
				4DF3800B1A76FBB500D64BFE /* AppDelegate.h */,
				4DF3800C1A76FBB500D64BFE /* AppDelegate.m */,
				4DF3800E1A76FBB500D64BFE /* ViewController.h */,
				4DF3800F1A76FBB500D64BFE /* ViewController.m */,
				4DF380111A76FBB600D64BFE /* Main.storyboard */,
				4DF380141A76FBB600D64BFE /* Images.xcassets */,
				4DF380161A76FBB600D64BFE /* LaunchScreen.xib */,
				4DF380071A76FBB500D64BFE /* Supporting Files */,
			);
			path = quiz;
			sourceTree = "<group>";
		};
		4DF380071A76FBB500D64BFE /* Supporting Files */ = {
			isa = PBXGroup;
			children = (
				4DF380081A76FBB500D64BFE /* Info.plist */,
				4DF380091A76FBB500D64BFE /* main.m */,
			);
			name = "Supporting Files";
			sourceTree = "<group>";
		};
		4DF380201A76FBB600D64BFE /* quizTests */ = {
			isa = PBXGroup;
			children = (
				4DF380231A76FBB600D64BFE /* quizTests.m */,
				4DF380211A76FBB600D64BFE /* Supporting Files */,
			);
			path = quizTests;
			sourceTree = "<group>";
		};
		4DF380211A76FBB600D64BFE /* Supporting Files */ = {
			isa = PBXGroup;
			children = (
				4DF380221A76FBB600D64BFE /* Info.plist */,
			);
			name = "Supporting Files";
			sourceTree = "<group>";
		};
/* End PBXGroup section */

/* Begin PBXNativeTarget section */
		4DF380031A76FBB500D64BFE /* quiz */ = {
			isa = PBXNativeTarget;
			buildConfigurationList = 4DF380271A76FBB600D64BFE /* Build configuration list for PBXNativeTarget "quiz" */;
			buildPhases = (
				4DF380001A76FBB500D64BFE /* Sources */,
				4DF380011A76FBB500D64BFE /* Frameworks */,
				4DF380021A76FBB500D64BFE /* Resources */,
			);
			buildRules = (
			);
			dependencies = (
			);
			name = quiz;
			productName = quiz;
			productReference = 4DF380041A76FBB500D64BFE /* quiz.app */;
			productType = "com.apple.product-type.application";
		};
		4DF3801C1A76FBB600D64BFE /* quizTests */ = {
			isa = PBXNativeTarget;
			buildConfigurationList = 4DF3802A1A76FBB600D64BFE /* Build configuration list for PBXNativeTarget "quizTests" */;
			buildPhases = (
				4DF380191A76FBB600D64BFE /* Sources */,
				4DF3801A1A76FBB600D64BFE /* Frameworks */,
				4DF3801B1A76FBB600D64BFE /* Resources */,
			);
			buildRules = (
			);
			dependencies = (
				4DF3801F1A76FBB600D64BFE /* PBXTargetDependency */,
			);
			name = quizTests;
			productName = quizTests;
			productReference = 4DF3801D1A76FBB600D64BFE /* quizTests.xctest */;
			productType = "com.apple.product-type.bundle.unit-test";
		};
/* End PBXNativeTarget section */

/* Begin PBXProject section */
		4DF37FFC1A76FBB500D64BFE /* Project object */ = {
			isa = PBXProject;
			attributes = {
				LastUpgradeCheck = 0610;
				ORGANIZATIONNAME = Fadie;
				TargetAttributes = {
					4DF380031A76FBB500D64BFE = {
						CreatedOnToolsVersion = 6.1.1;
					};
					4DF3801C1A76FBB600D64BFE = {
						CreatedOnToolsVersion = 6.1.1;
						TestTargetID = 4DF380031A76FBB500D64BFE;
					};
				};
			};
			buildConfigurationList = 4DF37FFF1A76FBB500D64BFE /* Build configuration list for PBXProject "quiz" */;
			compatibilityVersion = "Xcode 3.2";
			developmentRegion = English;
			hasScannedForEncodings = 0;
			knownRegions = (
				en,
				Base,
			);
			mainGroup = 4DF37FFB1A76FBB500D64BFE;
			productRefGroup = 4DF380051A76FBB500D64BFE /* Products */;
			projectDirPath = "";
			projectRoot = "";
			targets = (
				4DF380031A76FBB500D64BFE /* quiz */,
				4DF3801C1A76FBB600D64BFE /* quizTests */,
			);
		};
/* End PBXProject section */

/* Begin PBXResourcesBuildPhase section */
		4DF380021A76FBB500D64BFE /* Resources */ = {
			isa = PBXResourcesBuildPhase;
			buildActionMask = 2147483647;
			files = (
				4DF380131A76FBB600D64BFE /* Main.storyboard in Resources */,
				4DF380181A76FBB600D64BFE /* LaunchScreen.xib in Resources */,
				4DF380151A76FBB600D64BFE /* Images.xcassets in Resources */,
			);
			runOnlyForDeploymentPostprocessing = 0;
		};
		4DF3801B1A76FBB600D64BFE /* Resources */ = {
			isa = PBXResourcesBuildPhase;
			buildActionMask = 2147483647;
			files = (
			);
			runOnlyForDeploymentPostprocessing = 0;
		};
/* End PBXResourcesBuildPhase section */

/* Begin PBXSourcesBuildPhase section */
		4DF380001A76FBB500D64BFE /* Sources */ = {
			isa = PBXSourcesBuildPhase;
			buildActionMask = 2147483647;
			files = (
				4DF380101A76FBB500D64BFE /* ViewController.m in Sources */,
				4DF3800D1A76FBB500D64BFE /* AppDelegate.m in Sources */,
				4DF3800A1A76FBB500D64BFE /* main.m in Sources */,
			);
			runOnlyForDeploymentPostprocessing = 0;
		};
		4DF380191A76FBB600D64BFE /* Sources */ = {
			isa = PBXSourcesBuildPhase;
			buildActionMask = 2147483647;
			files = (
				4DF380241A76FBB600D64BFE /* quizTests.m in Sources */,
			);
			runOnlyForDeploymentPostprocessing = 0;
		};
/* End PBXSourcesBuildPhase section */

/* Begin PBXTargetDependency section */
		4DF3801F1A76FBB600D64BFE /* PBXTargetDependency */ = {
			isa = PBXTargetDependency;
			target = 4DF380031A76FBB500D64BFE /* quiz */;
			targetProxy = 4DF3801E1A76FBB600D64BFE /* PBXContainerItemProxy */;
		};
/* End PBXTargetDependency section */

/* Begin PBXVariantGroup section */
		4DF380111A76FBB600D64BFE /* Main.storyboard */ = {
			isa = PBXVariantGroup;
			children = (
				4DF380121A76FBB600D64BFE /* Base */,
			);
			name = Main.storyboard;
			sourceTree = "<group>";
		};
		4DF380161A76FBB600D64BFE /* LaunchScreen.xib */ = {
			isa = PBXVariantGroup;
			children = (
				4DF380171A76FBB600D64BFE /* Base */,
			);
			name = LaunchScreen.xib;
			sourceTree = "<group>";
		};
/* End PBXVariantGroup section */

/* Begin XCBuildConfiguration section */
		4DF380251A76FBB600D64BFE /* Debug */ = {
			isa = XCBuildConfiguration;
			buildSettings = {
				ALWAYS_SEARCH_USER_PATHS = NO;
				CLANG_CXX_LANGUAGE_STANDARD = "gnu++0x";
				CLANG_CXX_LIBRARY = "libc++";
				CLANG_ENABLE_MODULES = YES;
				CLANG_ENABLE_OBJC_ARC = YES;
				CLANG_WARN_BOOL_CONVERSION = YES;
				CLANG_WARN_CONSTANT_CONVERSION = YES;
				CLANG_WARN_DIRECT_OBJC_ISA_USAGE = YES_ERROR;
				CLANG_WARN_EMPTY_BODY = YES;
				CLANG_WARN_ENUM_CONVERSION = YES;
				CLANG_WARN_INT_CONVERSION = YES;
				CLANG_WARN_OBJC_ROOT_CLASS = YES_ERROR;
				CLANG_WARN_UNREACHABLE_CODE = YES;
				CLANG_WARN__DUPLICATE_METHOD_MATCH = YES;
				"CODE_SIGN_IDENTITY[sdk=iphoneos*]" = "iPhone Developer";
				COPY_PHASE_STRIP = NO;
				ENABLE_STRICT_OBJC_MSGSEND = YES;
				GCC_C_LANGUAGE_STANDARD = gnu99;
				GCC_DYNAMIC_NO_PIC = NO;
				GCC_OPTIMIZATION_LEVEL = 0;
				GCC_PREPROCESSOR_DEFINITIONS = (
					"DEBUG=1",
					"$(inherited)",
				);
				GCC_SYMBOLS_PRIVATE_EXTERN = NO;
				GCC_WARN_64_TO_32_BIT_CONVERSION = YES;
				GCC_WARN_ABOUT_RETURN_TYPE = YES_ERROR;
				GCC_WARN_UNDECLARED_SELECTOR = YES;
				GCC_WARN_UNINITIALIZED_AUTOS = YES_AGGRESSIVE;
				GCC_WARN_UNUSED_FUNCTION = YES;
				GCC_WARN_UNUSED_VARIABLE = YES;
				IPHONEOS_DEPLOYMENT_TARGET = 8.1;
				MTL_ENABLE_DEBUG_INFO = YES;
				ONLY_ACTIVE_ARCH = YES;
				SDKROOT = iphoneos;
			};
			name = Debug;
		};
		4DF380261A76FBB600D64BFE /* Release */ = {
			isa = XCBuildConfiguration;
			buildSettings = {
				ALWAYS_SEARCH_USER_PATHS = NO;
				CLANG_CXX_LANGUAGE_STANDARD = "gnu++0x";
				CLANG_CXX_LIBRARY = "libc++";
				CLANG_ENABLE_MODULES = YES;
				CLANG_ENABLE_OBJC_ARC = YES;
				CLANG_WARN_BOOL_CONVERSION = YES;
				CLANG_WARN_CONSTANT_CONVERSION = YES;
				CLANG_WARN_DIRECT_OBJC_ISA_USAGE = YES_ERROR;
				CLANG_WARN_EMPTY_BODY = YES;
				CLANG_WARN_ENUM_CONVERSION = YES;
				CLANG_WARN_INT_CONVERSION = YES;
				CLANG_WARN_OBJC_ROOT_CLASS = YES_ERROR;
				CLANG_WARN_UNREACHABLE_CODE = YES;
				CLANG_WARN__DUPLICATE_METHOD_MATCH = YES;
				"CODE_SIGN_IDENTITY[sdk=iphoneos*]" = "iPhone Developer";
				COPY_PHASE_STRIP = YES;
				ENABLE_NS_ASSERTIONS = NO;
				ENABLE_STRICT_OBJC_MSGSEND = YES;
				GCC_C_LANGUAGE_STANDARD = gnu99;
				GCC_WARN_64_TO_32_BIT_CONVERSION = YES;
				GCC_WARN_ABOUT_RETURN_TYPE = YES_ERROR;
				GCC_WARN_UNDECLARED_SELECTOR = YES;
				GCC_WARN_UNINITIALIZED_AUTOS = YES_AGGRESSIVE;
				GCC_WARN_UNUSED_FUNCTION = YES;
				GCC_WARN_UNUSED_VARIABLE = YES;
				IPHONEOS_DEPLOYMENT_TARGET = 8.1;
				MTL_ENABLE_DEBUG_INFO = NO;
				SDKROOT = iphoneos;
				VALIDATE_PRODUCT = YES;
			};
			name = Release;
		};
		4DF380281A76FBB600D64BFE /* Debug */ = {
			isa = XCBuildConfiguration;
			buildSettings = {
				ASSETCATALOG_COMPILER_APPICON_NAME = AppIcon;
				INFOPLIST_FILE = quiz/Info.plist;
				LD_RUNPATH_SEARCH_PATHS = "$(inherited) @executable_path/Frameworks";
				PRODUCT_NAME = "$(TARGET_NAME)";
			};
			name = Debug;
		};
		4DF380291A76FBB600D64BFE /* Release */ = {
			isa = XCBuildConfiguration;
			buildSettings = {
				ASSETCATALOG_COMPILER_APPICON_NAME = AppIcon;
				INFOPLIST_FILE = quiz/Info.plist;
				LD_RUNPATH_SEARCH_PATHS = "$(inherited) @executable_path/Frameworks";
				PRODUCT_NAME = "$(TARGET_NAME)";
			};
			name = Release;
		};
		4DF3802B1A76FBB600D64BFE /* Debug */ = {
			isa = XCBuildConfiguration;
			buildSettings = {
				BUNDLE_LOADER = "$(TEST_HOST)";
				FRAMEWORK_SEARCH_PATHS = (
					"$(SDKROOT)/Developer/Library/Frameworks",
					"$(inherited)",
				);
				GCC_PREPROCESSOR_DEFINITIONS = (
					"DEBUG=1",
					"$(inherited)",
				);
				INFOPLIST_FILE = quizTests/Info.plist;
				LD_RUNPATH_SEARCH_PATHS = "$(inherited) @executable_path/Frameworks @loader_path/Frameworks";
				PRODUCT_NAME = "$(TARGET_NAME)";
				TEST_HOST = "$(BUILT_PRODUCTS_DIR)/quiz.app/quiz";
			};
			name = Debug;
		};
		4DF3802C1A76FBB600D64BFE /* Release */ = {
			isa = XCBuildConfiguration;
			buildSettings = {
				BUNDLE_LOADER = "$(TEST_HOST)";
				FRAMEWORK_SEARCH_PATHS = (
					"$(SDKROOT)/Developer/Library/Frameworks",
					"$(inherited)",
				);
				INFOPLIST_FILE = quizTests/Info.plist;
				LD_RUNPATH_SEARCH_PATHS = "$(inherited) @executable_path/Frameworks @loader_path/Frameworks";
				PRODUCT_NAME = "$(TARGET_NAME)";
				TEST_HOST = "$(BUILT_PRODUCTS_DIR)/quiz.app/quiz";
			};
			name = Release;
		};
/* End XCBuildConfiguration section */

/* Begin XCConfigurationList section */
		4DF37FFF1A76FBB500D64BFE /* Build configuration list for PBXProject "quiz" */ = {
			isa = XCConfigurationList;
			buildConfigurations = (
				4DF380251A76FBB600D64BFE /* Debug */,
				4DF380261A76FBB600D64BFE /* Release */,
			);
			defaultConfigurationIsVisible = 0;
			defaultConfigurationName = Release;
		};
		4DF380271A76FBB600D64BFE /* Build configuration list for PBXNativeTarget "quiz" */ = {
			isa = XCConfigurationList;
			buildConfigurations = (
				4DF380281A76FBB600D64BFE /* Debug */,
				4DF380291A76FBB600D64BFE /* Release */,
			);
			defaultConfigurationIsVisible = 0;
		};
		4DF3802A1A76FBB600D64BFE /* Build configuration list for PBXNativeTarget "quizTests" */ = {
			isa = XCConfigurationList;
			buildConfigurations = (
				4DF3802B1A76FBB600D64BFE /* Debug */,
				4DF3802C1A76FBB600D64BFE /* Release */,
			);
			defaultConfigurationIsVisible = 0;
		};
/* End XCConfigurationList section */
	};
	rootObject = 4DF37FFC1A76FBB500D64BFE /* Project object */;
}
